
Microsoft Visual Studio Solution File, Format Version 12.00
# Visual Studio 2012
Project("{FAE04EC0-301F-11D3-BF4B-00C04F79EFBC}") = "TicTacToe", "TicTacToe\TicTacToe.csproj", "{3DAD5B95-C6E4-4FF2-9703-9CC4EB9E0AFF}"
EndProject
Global
	GlobalSection(SolutionConfigurationPlatforms) = preSolution
		Debug|Any CPU = Debug|Any CPU
		Release|Any CPU = Release|Any CPU
	EndGlobalSection
	GlobalSection(ProjectConfigurationPlatforms) = postSolution
		{3DAD5B95-C6E4-4FF2-9703-9CC4EB9E0AFF}.Debug|Any CPU.ActiveCfg = Debug|Any CPU
		{3DAD5B95-C6E4-4FF2-9703-9CC4EB9E0AFF}.Debug|Any CPU.Build.0 = Debug|Any CPU
		{3DAD5B95-C6E4-4FF2-9703-9CC4EB9E0AFF}.Release|Any CPU.ActiveCfg = Release|Any CPU
		{3DAD5B95-C6E4-4FF2-9703-9CC4EB9E0AFF}.Release|Any CPU.Build.0 = Release|Any CPU
	EndGlobalSection
	GlobalSection(SolutionProperties) = preSolution
		HideSolutionNode = FALSE
	EndGlobalSection
EndGlobal
